// !$*UTF8*$!
{
	archiveVersion = 1;
	classes = {
	};
	objectVersion = 46;
	objects = {

/* Begin PBXBuildFile section */
		A408C8571C0FD33F008070DB /* AppDelegate.swift in Sources */ = {isa = PBXBuildFile; fileRef = A408C8561C0FD33F008070DB /* AppDelegate.swift */; };
		A408C8591C0FD33F008070DB /* ViewController.swift in Sources */ = {isa = PBXBuildFile; fileRef = A408C8581C0FD33F008070DB /* ViewController.swift */; };
		A408C85C1C0FD33F008070DB /* Main.storyboard in Resources */ = {isa = PBXBuildFile; fileRef = A408C85A1C0FD33F008070DB /* Main.storyboard */; };
		A408C85E1C0FD33F008070DB /* Assets.xcassets in Resources */ = {isa = PBXBuildFile; fileRef = A408C85D1C0FD33F008070DB /* Assets.xcassets */; };
		A408C8611C0FD33F008070DB /* LaunchScreen.storyboard in Resources */ = {isa = PBXBuildFile; fileRef = A408C85F1C0FD33F008070DB /* LaunchScreen.storyboard */; };
		A408C8691C0FD364008070DB /* PassCardRect.swift in Sources */ = {isa = PBXBuildFile; fileRef = A408C8681C0FD364008070DB /* PassCardRect.swift */; };
/* End PBXBuildFile section */

/* Begin PBXFileReference section */
		A408C8531C0FD33F008070DB /* PassCardRect.app */ = {isa = PBXFileReference; explicitFileType = wrapper.application; includeInIndex = 0; path = PassCardRect.app; sourceTree = BUILT_PRODUCTS_DIR; };
		A408C8561C0FD33F008070DB /* AppDelegate.swift */ = {isa = PBXFileReference; lastKnownFileType = sourcecode.swift; path = AppDelegate.swift; sourceTree = "<group>"; };
		A408C8581C0FD33F008070DB /* ViewController.swift */ = {isa = PBXFileReference; lastKnownFileType = sourcecode.swift; path = ViewController.swift; sourceTree = "<group>"; };
		A408C85B1C0FD33F008070DB /* Base */ = {isa = PBXFileReference; lastKnownFileType = file.storyboard; name = Base; path = Base.lproj/Main.storyboard; sourceTree = "<group>"; };
		A408C85D1C0FD33F008070DB /* Assets.xcassets */ = {isa = PBXFileReference; lastKnownFileType = folder.assetcatalog; path = Assets.xcassets; sourceTree = "<group>"; };
		A408C8601C0FD33F008070DB /* Base */ = {isa = PBXFileReference; lastKnownFileType = file.storyboard; name = Base; path = Base.lproj/LaunchScreen.storyboard; sourceTree = "<group>"; };
		A408C8621C0FD33F008070DB /* Info.plist */ = {isa = PBXFileReference; lastKnownFileType = text.plist.xml; path = Info.plist; sourceTree = "<group>"; };
		A408C8681C0FD364008070DB /* PassCardRect.swift */ = {isa = PBXFileReference; fileEncoding = 4; lastKnownFileType = sourcecode.swift; path = PassCardRect.swift; sourceTree = "<group>"; };
/* End PBXFileReference section */

/* Begin PBXFrameworksBuildPhase section */
		A408C8501C0FD33F008070DB /* Frameworks */ = {
			isa = PBXFrameworksBuildPhase;
			buildActionMask = 2147483647;
			files = (
			);
			runOnlyForDeploymentPostprocessing = 0;
		};
/* End PBXFrameworksBuildPhase section */

/* Begin PBXGroup section */
		A408C84A1C0FD33F008070DB = {
			isa = PBXGroup;
			children = (
				A408C8551C0FD33F008070DB /* PassCardRect */,
				A408C8541C0FD33F008070DB /* Products */,
			);
			sourceTree = "<group>";
		};
		A408C8541C0FD33F008070DB /* Products */ = {
			isa = PBXGroup;
			children = (
				A408C8531C0FD33F008070DB /* PassCardRect.app */,
			);
			name = Products;
			sourceTree = "<group>";
		};
		A408C8551C0FD33F008070DB /* PassCardRect */ = {
			isa = PBXGroup;
			children = (
				A408C8681C0FD364008070DB /* PassCardRect.swift */,
				A408C8561C0FD33F008070DB /* AppDelegate.swift */,
				A408C8581C0FD33F008070DB /* ViewController.swift */,
				A408C85A1C0FD33F008070DB /* Main.storyboard */,
				A408C85D1C0FD33F008070DB /* Assets.xcassets */,
				A408C85F1C0FD33F008070DB /* LaunchScreen.storyboard */,
				A408C8621C0FD33F008070DB /* Info.plist */,
			);
			path = PassCardRect;
			sourceTree = "<group>";
		};
/* End PBXGroup section */

/* Begin PBXNativeTarget section */
		A408C8521C0FD33F008070DB /* PassCardRect */ = {
			isa = PBXNativeTarget;
			buildConfigurationList = A408C8651C0FD33F008070DB /* Build configuration list for PBXNativeTarget "PassCardRect" */;
			buildPhases = (
				A408C84F1C0FD33F008070DB /* Sources */,
				A408C8501C0FD33F008070DB /* Frameworks */,
				A408C8511C0FD33F008070DB /* Resources */,
			);
			buildRules = (
			);
			dependencies = (
			);
			name = PassCardRect;
			productName = PassCardRect;
			productReference = A408C8531C0FD33F008070DB /* PassCardRect.app */;
			productType = "com.apple.product-type.application";
		};
/* End PBXNativeTarget section */

/* Begin PBXProject section */
		A408C84B1C0FD33F008070DB /* Project object */ = {
			isa = PBXProject;
			attributes = {
				LastSwiftUpdateCheck = 0710;
				LastUpgradeCheck = 0710;
				ORGANIZATIONNAME = Broccoli;
				TargetAttributes = {
					A408C8521C0FD33F008070DB = {
						CreatedOnToolsVersion = 7.1.1;
					};
				};
			};
			buildConfigurationList = A408C84E1C0FD33F008070DB /* Build configuration list for PBXProject "PassCardRect" */;
			compatibilityVersion = "Xcode 3.2";
			developmentRegion = English;
			hasScannedForEncodings = 0;
			knownRegions = (
				en,
				Base,
			);
			mainGroup = A408C84A1C0FD33F008070DB;
			productRefGroup = A408C8541C0FD33F008070DB /* Products */;
			projectDirPath = "";
			projectRoot = "";
			targets = (
				A408C8521C0FD33F008070DB /* PassCardRect */,
			);
		};
/* End PBXProject section */

/* Begin PBXResourcesBuildPhase section */
		A408C8511C0FD33F008070DB /* Resources */ = {
			isa = PBXResourcesBuildPhase;
			buildActionMask = 2147483647;
			files = (
				A408C8611C0FD33F008070DB /* LaunchScreen.storyboard in Resources */,
				A408C85E1C0FD33F008070DB /* Assets.xcassets in Resources */,
				A408C85C1C0FD33F008070DB /* Main.storyboard in Resources */,
			);
			runOnlyForDeploymentPostprocessing = 0;
		};
/* End PBXResourcesBuildPhase section */

/* Begin PBXSourcesBuildPhase section */
		A408C84F1C0FD33F008070DB /* Sources */ = {
			isa = PBXSourcesBuildPhase;
			buildActionMask = 2147483647;
			files = (
				A408C8691C0FD364008070DB /* PassCardRect.swift in Sources */,
				A408C8591C0FD33F008070DB /* ViewController.swift in Sources */,
				A408C8571C0FD33F008070DB /* AppDelegate.swift in Sources */,
			);
			runOnlyForDeploymentPostprocessing = 0;
		};
/* End PBXSourcesBuildPhase section */

/* Begin PBXVariantGroup section */
		A408C85A1C0FD33F008070DB /* Main.storyboard */ = {
			isa = PBXVariantGroup;
			children = (
				A408C85B1C0FD33F008070DB /* Base */,
			);
			name = Main.storyboard;
			sourceTree = "<group>";
		};
		A408C85F1C0FD33F008070DB /* LaunchScreen.storyboard */ = {
			isa = PBXVariantGroup;
			children = (
				A408C8601C0FD33F008070DB /* Base */,
			);
			name = LaunchScreen.storyboard;
			sourceTree = "<group>";
		};
/* End PBXVariantGroup section */

/* Begin XCBuildConfiguration section */
		A408C8631C0FD33F008070DB /* Debug */ = {
			isa = XCBuildConfiguration;
			buildSettings = {
				ALWAYS_SEARCH_USER_PATHS = NO;
				CLANG_CXX_LANGUAGE_STANDARD = "gnu++0x";
				CLANG_CXX_LIBRARY = "libc++";
				CLANG_ENABLE_MODULES = YES;
				CLANG_ENABLE_OBJC_ARC = YES;
				CLANG_WARN_BOOL_CONVERSION = YES;
				CLANG_WARN_CONSTANT_CONVERSION = YES;
				CLANG_WARN_DIRECT_OBJC_ISA_USAGE = YES_ERROR;
				CLANG_WARN_EMPTY_BODY = YES;
				CLANG_WARN_ENUM_CONVERSION = YES;
				CLANG_WARN_INT_CONVERSION = YES;
				CLANG_WARN_OBJC_ROOT_CLASS = YES_ERROR;
				CLANG_WARN_UNREACHABLE_CODE = YES;
				CLANG_WARN__DUPLICATE_METHOD_MATCH = YES;
				"CODE_SIGN_IDENTITY[sdk=iphoneos*]" = "iPhone Developer";
				COPY_PHASE_STRIP = NO;
				DEBUG_INFORMATION_FORMAT = dwarf;
				ENABLE_STRICT_OBJC_MSGSEND = YES;
				ENABLE_TESTABILITY = YES;
				GCC_C_LANGUAGE_STANDARD = gnu99;
				GCC_DYNAMIC_NO_PIC = NO;
				GCC_NO_COMMON_BLOCKS = YES;
				GCC_OPTIMIZATION_LEVEL = 0;
				GCC_PREPROCESSOR_DEFINITIONS = (
					"DEBUG=1",
					"$(inherited)",
				);
				GCC_WARN_64_TO_32_BIT_CONVERSION = YES;
				GCC_WARN_ABOUT_RETURN_TYPE = YES_ERROR;
				GCC_WARN_UNDECLARED_SELECTOR = YES;
				GCC_WARN_UNINITIALIZED_AUTOS = YES_AGGRESSIVE;
				GCC_WARN_UNUSED_FUNCTION = YES;
				GCC_WARN_UNUSED_VARIABLE = YES;
				IPHONEOS_DEPLOYMENT_TARGET = 9.1;
				MTL_ENABLE_DEBUG_INFO = YES;
				ONLY_ACTIVE_ARCH = YES;
				SDKROOT = iphoneos;
				SWIFT_OPTIMIZATION_LEVEL = "-Onone";
				TARGETED_DEVICE_FAMILY = "1,2";
			};
			name = Debug;
		};
		A408C8641C0FD33F008070DB /* Release */ = {
			isa = XCBuildConfiguration;
			buildSettings = {
				ALWAYS_SEARCH_USER_PATHS = NO;
				CLANG_CXX_LANGUAGE_STANDARD = "gnu++0x";
				CLANG_CXX_LIBRARY = "libc++";
				CLANG_ENABLE_MODULES = YES;
				CLANG_ENABLE_OBJC_ARC = YES;
				CLANG_WARN_BOOL_CONVERSION = YES;
				CLANG_WARN_CONSTANT_CONVERSION = YES;
				CLANG_WARN_DIRECT_OBJC_ISA_USAGE = YES_ERROR;
				CLANG_WARN_EMPTY_BODY = YES;
				CLANG_WARN_ENUM_CONVERSION = YES;
				CLANG_WARN_INT_CONVERSION = YES;
				CLANG_WARN_OBJC_ROOT_CLASS = YES_ERROR;
				CLANG_WARN_UNREACHABLE_CODE = YES;
				CLANG_WARN__DUPLICATE_METHOD_MATCH = YES;
				"CODE_SIGN_IDENTITY[sdk=iphoneos*]" = "iPhone Developer";
				COPY_PHASE_STRIP = NO;
				DEBUG_INFORMATION_FORMAT = "dwarf-with-dsym";
				ENABLE_NS_ASSERTIONS = NO;
				ENABLE_STRICT_OBJC_MSGSEND = YES;
				GCC_C_LANGUAGE_STANDARD = gnu99;
				GCC_NO_COMMON_BLOCKS = YES;
				GCC_WARN_64_TO_32_BIT_CONVERSION = YES;
				GCC_WARN_ABOUT_RETURN_TYPE = YES_ERROR;
				GCC_WARN_UNDECLARED_SELECTOR = YES;
				GCC_WARN_UNINITIALIZED_AUTOS = YES_AGGRESSIVE;
				GCC_WARN_UNUSED_FUNCTION = YES;
				GCC_WARN_UNUSED_VARIABLE = YES;
				IPHONEOS_DEPLOYMENT_TARGET = 9.1;
				MTL_ENABLE_DEBUG_INFO = NO;
				SDKROOT = iphoneos;
				TARGETED_DEVICE_FAMILY = "1,2";
				VALIDATE_PRODUCT = YES;
			};
			name = Release;
		};
		A408C8661C0FD33F008070DB /* Debug */ = {
			isa = XCBuildConfiguration;
			buildSettings = {
				ASSETCATALOG_COMPILER_APPICON_NAME = AppIcon;
				INFOPLIST_FILE = PassCardRect/Info.plist;
				LD_RUNPATH_SEARCH_PATHS = "$(inherited) @executable_path/Frameworks";
				PRODUCT_BUNDLE_IDENTIFIER = com.Broccoli.PassCardRect;
				PRODUCT_NAME = "$(TARGET_NAME)";
			};
			name = Debug;
		};
		A408C8671C0FD33F008070DB /* Release */ = {
			isa = XCBuildConfiguration;
			buildSettings = {
				ASSETCATALOG_COMPILER_APPICON_NAME = AppIcon;
				INFOPLIST_FILE = PassCardRect/Info.plist;
				LD_RUNPATH_SEARCH_PATHS = "$(inherited) @executable_path/Frameworks";
				PRODUCT_BUNDLE_IDENTIFIER = com.Broccoli.PassCardRect;
				PRODUCT_NAME = "$(TARGET_NAME)";
			};
			name = Release;
		};
/* End XCBuildConfiguration section */

/* Begin XCConfigurationList section */
		A408C84E1C0FD33F008070DB /* Build configuration list for PBXProject "PassCardRect" */ = {
			isa = XCConfigurationList;
			buildConfigurations = (
				A408C8631C0FD33F008070DB /* Debug */,
				A408C8641C0FD33F008070DB /* Release */,
			);
			defaultConfigurationIsVisible = 0;
			defaultConfigurationName = Release;
		};
		A408C8651C0FD33F008070DB /* Build configuration list for PBXNativeTarget "PassCardRect" */ = {
			isa = XCConfigurationList;
			buildConfigurations = (
				A408C8661C0FD33F008070DB /* Debug */,
				A408C8671C0FD33F008070DB /* Release */,
			);
			defaultConfigurationIsVisible = 0;
		};
/* End XCConfigurationList section */
	};
	rootObject = A408C84B1C0FD33F008070DB /* Project object */;
}
